// !$*UTF8*$!
{
	archiveVersion = 1;
	classes = {
	};
	objectVersion = 48;
	objects = {

/* Begin PBXBuildFile section */
		1D1660952027A381002BB542 /* AppDelegate.swift in Sources */ = {isa = PBXBuildFile; fileRef = 1D1660942027A381002BB542 /* AppDelegate.swift */; };
		1D1660972027A381002BB542 /* ViewController.swift in Sources */ = {isa = PBXBuildFile; fileRef = 1D1660962027A381002BB542 /* ViewController.swift */; };
		1D16609A2027A381002BB542 /* Main.storyboard in Resources */ = {isa = PBXBuildFile; fileRef = 1D1660982027A381002BB542 /* Main.storyboard */; };
		1D16609C2027A381002BB542 /* Assets.xcassets in Resources */ = {isa = PBXBuildFile; fileRef = 1D16609B2027A381002BB542 /* Assets.xcassets */; };
		1D16609F2027A381002BB542 /* LaunchScreen.storyboard in Resources */ = {isa = PBXBuildFile; fileRef = 1D16609D2027A381002BB542 /* LaunchScreen.storyboard */; };
		1D1660AA2027A3D7002BB542 /* AudioEngine.swift in Sources */ = {isa = PBXBuildFile; fileRef = 1D1660A62027A3D7002BB542 /* AudioEngine.swift */; };
		1D1660AB2027A3D7002BB542 /* BackgroundView.swift in Sources */ = {isa = PBXBuildFile; fileRef = 1D1660A72027A3D7002BB542 /* BackgroundView.swift */; };
		1D1660AC2027A3D7002BB542 /* Keyboard.swift in Sources */ = {isa = PBXBuildFile; fileRef = 1D1660A82027A3D7002BB542 /* Keyboard.swift */; };
		1D1660AD2027A3D7002BB542 /* Key.swift in Sources */ = {isa = PBXBuildFile; fileRef = 1D1660A92027A3D7002BB542 /* Key.swift */; };
		1D1660B02027A435002BB542 /* AudioKit.framework in Frameworks */ = {isa = PBXBuildFile; fileRef = 1D1660AE2027A435002BB542 /* AudioKit.framework */; };
		1D1660B12027A435002BB542 /* AudioKit.framework in Embed Frameworks */ = {isa = PBXBuildFile; fileRef = 1D1660AE2027A435002BB542 /* AudioKit.framework */; settings = {ATTRIBUTES = (CodeSignOnCopy, RemoveHeadersOnCopy, ); }; };
		1D1660B22027A435002BB542 /* AudioKitUI.framework in Frameworks */ = {isa = PBXBuildFile; fileRef = 1D1660AF2027A435002BB542 /* AudioKitUI.framework */; };
		1D1660B32027A435002BB542 /* AudioKitUI.framework in Embed Frameworks */ = {isa = PBXBuildFile; fileRef = 1D1660AF2027A435002BB542 /* AudioKitUI.framework */; settings = {ATTRIBUTES = (CodeSignOnCopy, RemoveHeadersOnCopy, ); }; };
		1D197EEB202CB4B100C4F0CF /* Math.swift in Sources */ = {isa = PBXBuildFile; fileRef = 1D197EEA202CB4B100C4F0CF /* Math.swift */; };
		1D9476512028BB2D002029AE /* HighlightKeys.swift in Sources */ = {isa = PBXBuildFile; fileRef = 1D9476502028BB2D002029AE /* HighlightKeys.swift */; };
		1D9476532028D66E002029AE /* Colors.swift in Sources */ = {isa = PBXBuildFile; fileRef = 1D9476522028D66E002029AE /* Colors.swift */; };
		1D95ABBB202A31F700E594D1 /* CommonToneKeyboards.swift in Sources */ = {isa = PBXBuildFile; fileRef = 1D95ABBA202A31F700E594D1 /* CommonToneKeyboards.swift */; };
		1DC26431202F7891000DCE18 /* Outline.rtf in Resources */ = {isa = PBXBuildFile; fileRef = 1DC26430202F7891000DCE18 /* Outline.rtf */; };
/* End PBXBuildFile section */

/* Begin PBXCopyFilesBuildPhase section */
		1D1660B42027A435002BB542 /* Embed Frameworks */ = {
			isa = PBXCopyFilesBuildPhase;
			buildActionMask = 2147483647;
			dstPath = "";
			dstSubfolderSpec = 10;
			files = (
				1D1660B32027A435002BB542 /* AudioKitUI.framework in Embed Frameworks */,
				1D1660B12027A435002BB542 /* AudioKit.framework in Embed Frameworks */,
			);
			name = "Embed Frameworks";
			runOnlyForDeploymentPostprocessing = 0;
		};
/* End PBXCopyFilesBuildPhase section */

/* Begin PBXFileReference section */
		1D1660912027A381002BB542 /* ChordVoice.app */ = {isa = PBXFileReference; explicitFileType = wrapper.application; includeInIndex = 0; path = ChordVoice.app; sourceTree = BUILT_PRODUCTS_DIR; };
		1D1660942027A381002BB542 /* AppDelegate.swift */ = {isa = PBXFileReference; lastKnownFileType = sourcecode.swift; path = AppDelegate.swift; sourceTree = "<group>"; };
		1D1660962027A381002BB542 /* ViewController.swift */ = {isa = PBXFileReference; lastKnownFileType = sourcecode.swift; path = ViewController.swift; sourceTree = "<group>"; };
		1D1660992027A381002BB542 /* Base */ = {isa = PBXFileReference; lastKnownFileType = file.storyboard; name = Base; path = Base.lproj/Main.storyboard; sourceTree = "<group>"; };
		1D16609B2027A381002BB542 /* Assets.xcassets */ = {isa = PBXFileReference; lastKnownFileType = folder.assetcatalog; path = Assets.xcassets; sourceTree = "<group>"; };
		1D16609E2027A381002BB542 /* Base */ = {isa = PBXFileReference; lastKnownFileType = file.storyboard; name = Base; path = Base.lproj/LaunchScreen.storyboard; sourceTree = "<group>"; };
		1D1660A02027A381002BB542 /* Info.plist */ = {isa = PBXFileReference; lastKnownFileType = text.plist.xml; path = Info.plist; sourceTree = "<group>"; };
		1D1660A62027A3D7002BB542 /* AudioEngine.swift */ = {isa = PBXFileReference; fileEncoding = 4; lastKnownFileType = sourcecode.swift; path = AudioEngine.swift; sourceTree = "<group>"; };
		1D1660A72027A3D7002BB542 /* BackgroundView.swift */ = {isa = PBXFileReference; fileEncoding = 4; lastKnownFileType = sourcecode.swift; path = BackgroundView.swift; sourceTree = "<group>"; };
		1D1660A82027A3D7002BB542 /* Keyboard.swift */ = {isa = PBXFileReference; fileEncoding = 4; lastKnownFileType = sourcecode.swift; path = Keyboard.swift; sourceTree = "<group>"; };
		1D1660A92027A3D7002BB542 /* Key.swift */ = {isa = PBXFileReference; fileEncoding = 4; lastKnownFileType = sourcecode.swift; path = Key.swift; sourceTree = "<group>"; };
		1D1660AE2027A435002BB542 /* AudioKit.framework */ = {isa = PBXFileReference; lastKnownFileType = wrapper.framework; path = AudioKit.framework; sourceTree = "<group>"; };
		1D1660AF2027A435002BB542 /* AudioKitUI.framework */ = {isa = PBXFileReference; lastKnownFileType = wrapper.framework; path = AudioKitUI.framework; sourceTree = "<group>"; };
		1D197EEA202CB4B100C4F0CF /* Math.swift */ = {isa = PBXFileReference; lastKnownFileType = sourcecode.swift; path = Math.swift; sourceTree = "<group>"; };
		1D9476502028BB2D002029AE /* HighlightKeys.swift */ = {isa = PBXFileReference; lastKnownFileType = sourcecode.swift; path = HighlightKeys.swift; sourceTree = "<group>"; };
		1D9476522028D66E002029AE /* Colors.swift */ = {isa = PBXFileReference; lastKnownFileType = sourcecode.swift; path = Colors.swift; sourceTree = "<group>"; };
		1D95ABBA202A31F700E594D1 /* CommonToneKeyboards.swift */ = {isa = PBXFileReference; lastKnownFileType = sourcecode.swift; path = CommonToneKeyboards.swift; sourceTree = "<group>"; };
		1DC26430202F7891000DCE18 /* Outline.rtf */ = {isa = PBXFileReference; lastKnownFileType = text.rtf; path = Outline.rtf; sourceTree = "<group>"; };
/* End PBXFileReference section */

/* Begin PBXFrameworksBuildPhase section */
		1D16608E2027A381002BB542 /* Frameworks */ = {
			isa = PBXFrameworksBuildPhase;
			buildActionMask = 2147483647;
			files = (
				1D1660B22027A435002BB542 /* AudioKitUI.framework in Frameworks */,
				1D1660B02027A435002BB542 /* AudioKit.framework in Frameworks */,
			);
			runOnlyForDeploymentPostprocessing = 0;
		};
/* End PBXFrameworksBuildPhase section */

/* Begin PBXGroup section */
		1D1660882027A381002BB542 = {
			isa = PBXGroup;
			children = (
				1D1660AE2027A435002BB542 /* AudioKit.framework */,
				1D1660AF2027A435002BB542 /* AudioKitUI.framework */,
				1D1660932027A381002BB542 /* ChordVoice */,
				1D1660922027A381002BB542 /* Products */,
			);
			sourceTree = "<group>";
		};
		1D1660922027A381002BB542 /* Products */ = {
			isa = PBXGroup;
			children = (
				1D1660912027A381002BB542 /* ChordVoice.app */,
			);
			name = Products;
			sourceTree = "<group>";
		};
		1D1660932027A381002BB542 /* ChordVoice */ = {
			isa = PBXGroup;
			children = (
				1D1660942027A381002BB542 /* AppDelegate.swift */,
				1D1660962027A381002BB542 /* ViewController.swift */,
				1DC26430202F7891000DCE18 /* Outline.rtf */,
				1D1660A62027A3D7002BB542 /* AudioEngine.swift */,
				1D1660A82027A3D7002BB542 /* Keyboard.swift */,
				1D1660A92027A3D7002BB542 /* Key.swift */,
				1D1660A72027A3D7002BB542 /* BackgroundView.swift */,
				1D9476502028BB2D002029AE /* HighlightKeys.swift */,
				1D95ABBA202A31F700E594D1 /* CommonToneKeyboards.swift */,
				1D9476522028D66E002029AE /* Colors.swift */,
				1D197EEA202CB4B100C4F0CF /* Math.swift */,
				1D1660982027A381002BB542 /* Main.storyboard */,
				1D16609B2027A381002BB542 /* Assets.xcassets */,
				1D16609D2027A381002BB542 /* LaunchScreen.storyboard */,
				1D1660A02027A381002BB542 /* Info.plist */,
			);
			path = ChordVoice;
			sourceTree = "<group>";
		};
/* End PBXGroup section */

/* Begin PBXNativeTarget section */
		1D1660902027A381002BB542 /* ChordVoice */ = {
			isa = PBXNativeTarget;
			buildConfigurationList = 1D1660A32027A381002BB542 /* Build configuration list for PBXNativeTarget "ChordVoice" */;
			buildPhases = (
				1D16608D2027A381002BB542 /* Sources */,
				1D16608E2027A381002BB542 /* Frameworks */,
				1D16608F2027A381002BB542 /* Resources */,
				1D1660B42027A435002BB542 /* Embed Frameworks */,
			);
			buildRules = (
			);
			dependencies = (
			);
			name = ChordVoice;
			productName = ChordVoice;
			productReference = 1D1660912027A381002BB542 /* ChordVoice.app */;
			productType = "com.apple.product-type.application";
		};
/* End PBXNativeTarget section */

/* Begin PBXProject section */
		1D1660892027A381002BB542 /* Project object */ = {
			isa = PBXProject;
			attributes = {
				LastSwiftUpdateCheck = 0920;
				LastUpgradeCheck = 0920;
				ORGANIZATIONNAME = "Jake Smolowe";
				TargetAttributes = {
					1D1660902027A381002BB542 = {
						CreatedOnToolsVersion = 9.2;
						ProvisioningStyle = Automatic;
					};
				};
			};
			buildConfigurationList = 1D16608C2027A381002BB542 /* Build configuration list for PBXProject "ChordVoice" */;
			compatibilityVersion = "Xcode 8.0";
			developmentRegion = en;
			hasScannedForEncodings = 0;
			knownRegions = (
				en,
				Base,
			);
			mainGroup = 1D1660882027A381002BB542;
			productRefGroup = 1D1660922027A381002BB542 /* Products */;
			projectDirPath = "";
			projectRoot = "";
			targets = (
				1D1660902027A381002BB542 /* ChordVoice */,
			);
		};
/* End PBXProject section */

/* Begin PBXResourcesBuildPhase section */
		1D16608F2027A381002BB542 /* Resources */ = {
			isa = PBXResourcesBuildPhase;
			buildActionMask = 2147483647;
			files = (
				1D16609F2027A381002BB542 /* LaunchScreen.storyboard in Resources */,
				1DC26431202F7891000DCE18 /* Outline.rtf in Resources */,
				1D16609C2027A381002BB542 /* Assets.xcassets in Resources */,
				1D16609A2027A381002BB542 /* Main.storyboard in Resources */,
			);
			runOnlyForDeploymentPostprocessing = 0;
		};
/* End PBXResourcesBuildPhase section */

/* Begin PBXSourcesBuildPhase section */
		1D16608D2027A381002BB542 /* Sources */ = {
			isa = PBXSourcesBuildPhase;
			buildActionMask = 2147483647;
			files = (
				1D1660AA2027A3D7002BB542 /* AudioEngine.swift in Sources */,
				1D9476532028D66E002029AE /* Colors.swift in Sources */,
				1D9476512028BB2D002029AE /* HighlightKeys.swift in Sources */,
				1D1660972027A381002BB542 /* ViewController.swift in Sources */,
				1D95ABBB202A31F700E594D1 /* CommonToneKeyboards.swift in Sources */,
				1D1660AC2027A3D7002BB542 /* Keyboard.swift in Sources */,
				1D1660AB2027A3D7002BB542 /* BackgroundView.swift in Sources */,
				1D1660952027A381002BB542 /* AppDelegate.swift in Sources */,
				1D1660AD2027A3D7002BB542 /* Key.swift in Sources */,
				1D197EEB202CB4B100C4F0CF /* Math.swift in Sources */,
			);
			runOnlyForDeploymentPostprocessing = 0;
		};
/* End PBXSourcesBuildPhase section */

/* Begin PBXVariantGroup section */
		1D1660982027A381002BB542 /* Main.storyboard */ = {
			isa = PBXVariantGroup;
			children = (
				1D1660992027A381002BB542 /* Base */,
			);
			name = Main.storyboard;
			sourceTree = "<group>";
		};
		1D16609D2027A381002BB542 /* LaunchScreen.storyboard */ = {
			isa = PBXVariantGroup;
			children = (
				1D16609E2027A381002BB542 /* Base */,
			);
			name = LaunchScreen.storyboard;
			sourceTree = "<group>";
		};
/* End PBXVariantGroup section */

/* Begin XCBuildConfiguration section */
		1D1660A12027A381002BB542 /* Debug */ = {
			isa = XCBuildConfiguration;
			buildSettings = {
				ALWAYS_SEARCH_USER_PATHS = NO;
				CLANG_ANALYZER_NONNULL = YES;
				CLANG_ANALYZER_NUMBER_OBJECT_CONVERSION = YES_AGGRESSIVE;
				CLANG_CXX_LANGUAGE_STANDARD = "gnu++14";
				CLANG_CXX_LIBRARY = "libc++";
				CLANG_ENABLE_MODULES = YES;
				CLANG_ENABLE_OBJC_ARC = YES;
				CLANG_WARN_BLOCK_CAPTURE_AUTORELEASING = YES;
				CLANG_WARN_BOOL_CONVERSION = YES;
				CLANG_WARN_COMMA = YES;
				CLANG_WARN_CONSTANT_CONVERSION = YES;
				CLANG_WARN_DIRECT_OBJC_ISA_USAGE = YES_ERROR;
				CLANG_WARN_DOCUMENTATION_COMMENTS = YES;
				CLANG_WARN_EMPTY_BODY = YES;
				CLANG_WARN_ENUM_CONVERSION = YES;
				CLANG_WARN_INFINITE_RECURSION = YES;
				CLANG_WARN_INT_CONVERSION = YES;
				CLANG_WARN_NON_LITERAL_NULL_CONVERSION = YES;
				CLANG_WARN_OBJC_LITERAL_CONVERSION = YES;
				CLANG_WARN_OBJC_ROOT_CLASS = YES_ERROR;
				CLANG_WARN_RANGE_LOOP_ANALYSIS = YES;
				CLANG_WARN_STRICT_PROTOTYPES = YES;
				CLANG_WARN_SUSPICIOUS_MOVE = YES;
				CLANG_WARN_UNGUARDED_AVAILABILITY = YES_AGGRESSIVE;
				CLANG_WARN_UNREACHABLE_CODE = YES;
				CLANG_WARN__DUPLICATE_METHOD_MATCH = YES;
				CODE_SIGN_IDENTITY = "iPhone Developer";
				COPY_PHASE_STRIP = NO;
				DEBUG_INFORMATION_FORMAT = dwarf;
				ENABLE_STRICT_OBJC_MSGSEND = YES;
				ENABLE_TESTABILITY = YES;
				GCC_C_LANGUAGE_STANDARD = gnu11;
				GCC_DYNAMIC_NO_PIC = NO;
				GCC_NO_COMMON_BLOCKS = YES;
				GCC_OPTIMIZATION_LEVEL = 0;
				GCC_PREPROCESSOR_DEFINITIONS = (
					"DEBUG=1",
					"$(inherited)",
				);
				GCC_WARN_64_TO_32_BIT_CONVERSION = YES;
				GCC_WARN_ABOUT_RETURN_TYPE = YES_ERROR;
				GCC_WARN_UNDECLARED_SELECTOR = YES;
				GCC_WARN_UNINITIALIZED_AUTOS = YES_AGGRESSIVE;
				GCC_WARN_UNUSED_FUNCTION = YES;
				GCC_WARN_UNUSED_VARIABLE = YES;
				IPHONEOS_DEPLOYMENT_TARGET = 11.2;
				MTL_ENABLE_DEBUG_INFO = YES;
				ONLY_ACTIVE_ARCH = YES;
				SDKROOT = iphoneos;
				SWIFT_ACTIVE_COMPILATION_CONDITIONS = DEBUG;
				SWIFT_OPTIMIZATION_LEVEL = "-Onone";
			};
			name = Debug;
		};
		1D1660A22027A381002BB542 /* Release */ = {
			isa = XCBuildConfiguration;
			buildSettings = {
				ALWAYS_SEARCH_USER_PATHS = NO;
				CLANG_ANALYZER_NONNULL = YES;
				CLANG_ANALYZER_NUMBER_OBJECT_CONVERSION = YES_AGGRESSIVE;
				CLANG_CXX_LANGUAGE_STANDARD = "gnu++14";
				CLANG_CXX_LIBRARY = "libc++";
				CLANG_ENABLE_MODULES = YES;
				CLANG_ENABLE_OBJC_ARC = YES;
				CLANG_WARN_BLOCK_CAPTURE_AUTORELEASING = YES;
				CLANG_WARN_BOOL_CONVERSION = YES;
				CLANG_WARN_COMMA = YES;
				CLANG_WARN_CONSTANT_CONVERSION = YES;
				CLANG_WARN_DIRECT_OBJC_ISA_USAGE = YES_ERROR;
				CLANG_WARN_DOCUMENTATION_COMMENTS = YES;
				CLANG_WARN_EMPTY_BODY = YES;
				CLANG_WARN_ENUM_CONVERSION = YES;
				CLANG_WARN_INFINITE_RECURSION = YES;
				CLANG_WARN_INT_CONVERSION = YES;
				CLANG_WARN_NON_LITERAL_NULL_CONVERSION = YES;
				CLANG_WARN_OBJC_LITERAL_CONVERSION = YES;
				CLANG_WARN_OBJC_ROOT_CLASS = YES_ERROR;
				CLANG_WARN_RANGE_LOOP_ANALYSIS = YES;
				CLANG_WARN_STRICT_PROTOTYPES = YES;
				CLANG_WARN_SUSPICIOUS_MOVE = YES;
				CLANG_WARN_UNGUARDED_AVAILABILITY = YES_AGGRESSIVE;
				CLANG_WARN_UNREACHABLE_CODE = YES;
				CLANG_WARN__DUPLICATE_METHOD_MATCH = YES;
				CODE_SIGN_IDENTITY = "iPhone Developer";
				COPY_PHASE_STRIP = NO;
				DEBUG_INFORMATION_FORMAT = "dwarf-with-dsym";
				ENABLE_NS_ASSERTIONS = NO;
				ENABLE_STRICT_OBJC_MSGSEND = YES;
				GCC_C_LANGUAGE_STANDARD = gnu11;
				GCC_NO_COMMON_BLOCKS = YES;
				GCC_WARN_64_TO_32_BIT_CONVERSION = YES;
				GCC_WARN_ABOUT_RETURN_TYPE = YES_ERROR;
				GCC_WARN_UNDECLARED_SELECTOR = YES;
				GCC_WARN_UNINITIALIZED_AUTOS = YES_AGGRESSIVE;
				GCC_WARN_UNUSED_FUNCTION = YES;
				GCC_WARN_UNUSED_VARIABLE = YES;
				IPHONEOS_DEPLOYMENT_TARGET = 11.2;
				MTL_ENABLE_DEBUG_INFO = NO;
				SDKROOT = iphoneos;
				SWIFT_OPTIMIZATION_LEVEL = "-Owholemodule";
				VALIDATE_PRODUCT = YES;
			};
			name = Release;
		};
		1D1660A42027A381002BB542 /* Debug */ = {
			isa = XCBuildConfiguration;
			buildSettings = {
				ASSETCATALOG_COMPILER_APPICON_NAME = AppIcon;
				CODE_SIGN_STYLE = Automatic;
				DEVELOPMENT_TEAM = C359E2V4B3;
				FRAMEWORK_SEARCH_PATHS = (
					"$(inherited)",
					"$(PROJECT_DIR)",
				);
				INFOPLIST_FILE = ChordVoice/Info.plist;
				LD_RUNPATH_SEARCH_PATHS = "$(inherited) @executable_path/Frameworks";
				"OTHER_LDFLAGS[sdk=iphoneos*]" = "-lstdc++";
				"OTHER_LDFLAGS[sdk=iphonesimulator11.2]" = "-lstdc++";
				PRODUCT_BUNDLE_IDENTIFIER = com.jakesmolowe.ChordVoice;
				PRODUCT_NAME = "$(TARGET_NAME)";
				SWIFT_VERSION = 4.0;
				TARGETED_DEVICE_FAMILY = "1,2";
			};
			name = Debug;
		};
		1D1660A52027A381002BB542 /* Release */ = {
			isa = XCBuildConfiguration;
			buildSettings = {
				ASSETCATALOG_COMPILER_APPICON_NAME = AppIcon;
				CODE_SIGN_STYLE = Automatic;
				DEVELOPMENT_TEAM = C359E2V4B3;
				FRAMEWORK_SEARCH_PATHS = (
					"$(inherited)",
					"$(PROJECT_DIR)",
				);
				INFOPLIST_FILE = ChordVoice/Info.plist;
				LD_RUNPATH_SEARCH_PATHS = "$(inherited) @executable_path/Frameworks";
				"OTHER_LDFLAGS[sdk=iphoneos*]" = "-lstdc++";
				"OTHER_LDFLAGS[sdk=iphonesimulator*]" = "-lstdc++";
				PRODUCT_BUNDLE_IDENTIFIER = com.jakesmolowe.ChordVoice;
				PRODUCT_NAME = "$(TARGET_NAME)";
				SWIFT_VERSION = 4.0;
				TARGETED_DEVICE_FAMILY = "1,2";
			};
			name = Release;
		};
/* End XCBuildConfiguration section */

/* Begin XCConfigurationList section */
		1D16608C2027A381002BB542 /* Build configuration list for PBXProject "ChordVoice" */ = {
			isa = XCConfigurationList;
			buildConfigurations = (
				1D1660A12027A381002BB542 /* Debug */,
				1D1660A22027A381002BB542 /* Release */,
			);
			defaultConfigurationIsVisible = 0;
			defaultConfigurationName = Release;
		};
		1D1660A32027A381002BB542 /* Build configuration list for PBXNativeTarget "ChordVoice" */ = {
			isa = XCConfigurationList;
			buildConfigurations = (
				1D1660A42027A381002BB542 /* Debug */,
				1D1660A52027A381002BB542 /* Release */,
			);
			defaultConfigurationIsVisible = 0;
			defaultConfigurationName = Release;
		};
/* End XCConfigurationList section */
	};
	rootObject = 1D1660892027A381002BB542 /* Project object */;
}
